
Microsoft Visual Studio Solution File, Format Version 12.00
# Visual Studio Version 16
VisualStudioVersion = 16.0.29230.47
MinimumVisualStudioVersion = 10.0.40219.1
Project("{9A19103F-16F7-4668-BE54-9A1E7A4F7556}") = "KeyValueStore", "KeyValueStore.csproj", "{66D2E4CF-2C38-4688-BBE8-ACCB7AAE05FC}"
EndProject
Global
	GlobalSection(SolutionConfigurationPlatforms) = preSolution
		Debug|Any CPU = Debug|Any CPU
		Release|Any CPU = Release|Any CPU
	EndGlobalSection
	GlobalSection(ProjectConfigurationPlatforms) = postSolution
		{66D2E4CF-2C38-4688-BBE8-ACCB7AAE05FC}.Debug|Any CPU.ActiveCfg = Debug|Any CPU
		{66D2E4CF-2C38-4688-BBE8-ACCB7AAE05FC}.Debug|Any CPU.Build.0 = Debug|Any CPU
		{66D2E4CF-2C38-4688-BBE8-ACCB7AAE05FC}.Release|Any CPU.ActiveCfg = Release|Any CPU
		{66D2E4CF-2C38-4688-BBE8-ACCB7AAE05FC}.Release|Any CPU.Build.0 = Release|Any CPU
	EndGlobalSection
	GlobalSection(SolutionProperties) = preSolution
		HideSolutionNode = FALSE
	EndGlobalSection
	GlobalSection(ExtensibilityGlobals) = postSolution
		SolutionGuid = {9765FDE9-EE91-4568-AAEB-06DEC13A7637}
	EndGlobalSection
EndGlobal
